
Microsoft Visual Studio Solution File, Format Version 12.00
# Visual Studio Version 17
VisualStudioVersion = 17.2.32526.322
MinimumVisualStudioVersion = 10.0.40219.1
Project("{FAE04EC0-301F-11D3-BF4B-00C04F79EFBC}") = "bus_ticketing_system", "bus_ticketing_system.csproj", "{949A68FC-E06B-4BAA-8D07-3DB8C7965F69}"
EndProject
Global
	GlobalSection(SolutionConfigurationPlatforms) = preSolution
		Debug|Any CPU = Debug|Any CPU
		Release|Any CPU = Release|Any CPU
	EndGlobalSection
	GlobalSection(ProjectConfigurationPlatforms) = postSolution
		{949A68FC-E06B-4BAA-8D07-3DB8C7965F69}.Debug|Any CPU.ActiveCfg = Debug|Any CPU
		{949A68FC-E06B-4BAA-8D07-3DB8C7965F69}.Debug|Any CPU.Build.0 = Debug|Any CPU
		{949A68FC-E06B-4BAA-8D07-3DB8C7965F69}.Release|Any CPU.ActiveCfg = Release|Any CPU
		{949A68FC-E06B-4BAA-8D07-3DB8C7965F69}.Release|Any CPU.Build.0 = Release|Any CPU
	EndGlobalSection
	GlobalSection(SolutionProperties) = preSolution
		HideSolutionNode = FALSE
	EndGlobalSection
	GlobalSection(ExtensibilityGlobals) = postSolution
		SolutionGuid = {0EC15651-02DA-4E6E-B7F4-0CE4E8432EDB}
	EndGlobalSection
EndGlobal
